
Microsoft Visual Studio Solution File, Format Version 12.00
# Visual Studio 2013
VisualStudioVersion = 12.0.30501.0
MinimumVisualStudioVersion = 10.0.40219.1
Project("{FAE04EC0-301F-11D3-BF4B-00C04F79EFBC}") = "Cache Editor", "Cache Editor\Cache Editor.csproj", "{C0001011-2AEA-4550-8A17-E04F9A8419B4}"
EndProject
Project("{FAE04EC0-301F-11D3-BF4B-00C04F79EFBC}") = "Cache Editor API", "Cache Editor API\Cache Editor API.csproj", "{18B60F83-9129-474E-A55A-E30AC544B900}"
EndProject
Project("{2150E333-8FDC-42A3-9474-1A3956D46DE8}") = "Plugins", "Plugins", "{4D05F61A-3FF4-4924-826E-AB4A7D9C5710}"
EndProject
Project("{FAE04EC0-301F-11D3-BF4B-00C04F79EFBC}") = "HexEditor", "HexEditor\HexEditor.csproj", "{39D8E526-1538-4767-AAB6-8195219ACB00}"
EndProject
Project("{FAE04EC0-301F-11D3-BF4B-00C04F79EFBC}") = "ImageViewer", "ImageViewer\ImageViewer.csproj", "{DB1B224D-6B18-4090-A360-1150184397F7}"
EndProject
Project("{FAE04EC0-301F-11D3-BF4B-00C04F79EFBC}") = "PaletteViewer", "PaletteViewer\PaletteViewer.csproj", "{92E7D995-D042-49C7-841B-171ED2D708D2}"
EndProject
Project("{FAE04EC0-301F-11D3-BF4B-00C04F79EFBC}") = "ModelViewer", "ModelViewer\ModelViewer.csproj", "{005AE4E7-F112-4588-943D-F7BAAFCDD126}"
EndProject
Project("{FAE04EC0-301F-11D3-BF4B-00C04F79EFBC}") = "ItemViewer", "ItemViewer\ItemViewer.csproj", "{26EA5541-1F08-4254-A387-5BFD283DDC51}"
EndProject
Project("{FAE04EC0-301F-11D3-BF4B-00C04F79EFBC}") = "ObjectViewer", "ObjectViewer\ObjectViewer.csproj", "{31E0BB8E-2DAE-43DC-9F09-3A9B593C9BAC}"
EndProject
Project("{FAE04EC0-301F-11D3-BF4B-00C04F79EFBC}") = "NPCViewer", "NPCViewer\NPCViewer.csproj", "{EE5E0E0C-1A07-423B-B2B5-41CB62F55CB6}"
EndProject
Project("{FAE04EC0-301F-11D3-BF4B-00C04F79EFBC}") = "VarBitViewer", "VarBitViewer\VarBitViewer.csproj", "{52090942-1303-4193-83B1-F94FD17B087A}"
EndProject
Global
	GlobalSection(SolutionConfigurationPlatforms) = preSolution
		Debug|Any CPU = Debug|Any CPU
		Release|Any CPU = Release|Any CPU
	EndGlobalSection
	GlobalSection(ProjectConfigurationPlatforms) = postSolution
		{C0001011-2AEA-4550-8A17-E04F9A8419B4}.Debug|Any CPU.ActiveCfg = Debug|Any CPU
		{C0001011-2AEA-4550-8A17-E04F9A8419B4}.Debug|Any CPU.Build.0 = Debug|Any CPU
		{C0001011-2AEA-4550-8A17-E04F9A8419B4}.Release|Any CPU.ActiveCfg = Release|Any CPU
		{C0001011-2AEA-4550-8A17-E04F9A8419B4}.Release|Any CPU.Build.0 = Release|Any CPU
		{18B60F83-9129-474E-A55A-E30AC544B900}.Debug|Any CPU.ActiveCfg = Debug|Any CPU
		{18B60F83-9129-474E-A55A-E30AC544B900}.Debug|Any CPU.Build.0 = Debug|Any CPU
		{18B60F83-9129-474E-A55A-E30AC544B900}.Release|Any CPU.ActiveCfg = Release|Any CPU
		{18B60F83-9129-474E-A55A-E30AC544B900}.Release|Any CPU.Build.0 = Release|Any CPU
		{39D8E526-1538-4767-AAB6-8195219ACB00}.Debug|Any CPU.ActiveCfg = Debug|Any CPU
		{39D8E526-1538-4767-AAB6-8195219ACB00}.Debug|Any CPU.Build.0 = Debug|Any CPU
		{39D8E526-1538-4767-AAB6-8195219ACB00}.Release|Any CPU.ActiveCfg = Release|Any CPU
		{39D8E526-1538-4767-AAB6-8195219ACB00}.Release|Any CPU.Build.0 = Release|Any CPU
		{DB1B224D-6B18-4090-A360-1150184397F7}.Debug|Any CPU.ActiveCfg = Debug|Any CPU
		{DB1B224D-6B18-4090-A360-1150184397F7}.Debug|Any CPU.Build.0 = Debug|Any CPU
		{DB1B224D-6B18-4090-A360-1150184397F7}.Release|Any CPU.ActiveCfg = Release|Any CPU
		{DB1B224D-6B18-4090-A360-1150184397F7}.Release|Any CPU.Build.0 = Release|Any CPU
		{92E7D995-D042-49C7-841B-171ED2D708D2}.Debug|Any CPU.ActiveCfg = Debug|Any CPU
		{92E7D995-D042-49C7-841B-171ED2D708D2}.Debug|Any CPU.Build.0 = Debug|Any CPU
		{92E7D995-D042-49C7-841B-171ED2D708D2}.Release|Any CPU.ActiveCfg = Release|Any CPU
		{92E7D995-D042-49C7-841B-171ED2D708D2}.Release|Any CPU.Build.0 = Release|Any CPU
		{005AE4E7-F112-4588-943D-F7BAAFCDD126}.Debug|Any CPU.ActiveCfg = Debug|Any CPU
		{005AE4E7-F112-4588-943D-F7BAAFCDD126}.Debug|Any CPU.Build.0 = Debug|Any CPU
		{005AE4E7-F112-4588-943D-F7BAAFCDD126}.Release|Any CPU.ActiveCfg = Release|Any CPU
		{005AE4E7-F112-4588-943D-F7BAAFCDD126}.Release|Any CPU.Build.0 = Release|Any CPU
		{26EA5541-1F08-4254-A387-5BFD283DDC51}.Debug|Any CPU.ActiveCfg = Debug|Any CPU
		{26EA5541-1F08-4254-A387-5BFD283DDC51}.Debug|Any CPU.Build.0 = Debug|Any CPU
		{26EA5541-1F08-4254-A387-5BFD283DDC51}.Release|Any CPU.ActiveCfg = Release|Any CPU
		{26EA5541-1F08-4254-A387-5BFD283DDC51}.Release|Any CPU.Build.0 = Release|Any CPU
		{31E0BB8E-2DAE-43DC-9F09-3A9B593C9BAC}.Debug|Any CPU.ActiveCfg = Debug|Any CPU
		{31E0BB8E-2DAE-43DC-9F09-3A9B593C9BAC}.Debug|Any CPU.Build.0 = Debug|Any CPU
		{31E0BB8E-2DAE-43DC-9F09-3A9B593C9BAC}.Release|Any CPU.ActiveCfg = Release|Any CPU
		{31E0BB8E-2DAE-43DC-9F09-3A9B593C9BAC}.Release|Any CPU.Build.0 = Release|Any CPU
		{EE5E0E0C-1A07-423B-B2B5-41CB62F55CB6}.Debug|Any CPU.ActiveCfg = Debug|Any CPU
		{EE5E0E0C-1A07-423B-B2B5-41CB62F55CB6}.Debug|Any CPU.Build.0 = Debug|Any CPU
		{EE5E0E0C-1A07-423B-B2B5-41CB62F55CB6}.Release|Any CPU.ActiveCfg = Release|Any CPU
		{EE5E0E0C-1A07-423B-B2B5-41CB62F55CB6}.Release|Any CPU.Build.0 = Release|Any CPU
		{52090942-1303-4193-83B1-F94FD17B087A}.Debug|Any CPU.ActiveCfg = Debug|Any CPU
		{52090942-1303-4193-83B1-F94FD17B087A}.Debug|Any CPU.Build.0 = Debug|Any CPU
		{52090942-1303-4193-83B1-F94FD17B087A}.Release|Any CPU.ActiveCfg = Release|Any CPU
		{52090942-1303-4193-83B1-F94FD17B087A}.Release|Any CPU.Build.0 = Release|Any CPU
	EndGlobalSection
	GlobalSection(SolutionProperties) = preSolution
		HideSolutionNode = FALSE
	EndGlobalSection
	GlobalSection(NestedProjects) = preSolution
		{39D8E526-1538-4767-AAB6-8195219ACB00} = {4D05F61A-3FF4-4924-826E-AB4A7D9C5710}
		{DB1B224D-6B18-4090-A360-1150184397F7} = {4D05F61A-3FF4-4924-826E-AB4A7D9C5710}
		{92E7D995-D042-49C7-841B-171ED2D708D2} = {4D05F61A-3FF4-4924-826E-AB4A7D9C5710}
		{005AE4E7-F112-4588-943D-F7BAAFCDD126} = {4D05F61A-3FF4-4924-826E-AB4A7D9C5710}
		{26EA5541-1F08-4254-A387-5BFD283DDC51} = {4D05F61A-3FF4-4924-826E-AB4A7D9C5710}
		{31E0BB8E-2DAE-43DC-9F09-3A9B593C9BAC} = {4D05F61A-3FF4-4924-826E-AB4A7D9C5710}
		{EE5E0E0C-1A07-423B-B2B5-41CB62F55CB6} = {4D05F61A-3FF4-4924-826E-AB4A7D9C5710}
		{52090942-1303-4193-83B1-F94FD17B087A} = {4D05F61A-3FF4-4924-826E-AB4A7D9C5710}
	EndGlobalSection
EndGlobal
